
Microsoft Visual Studio Solution File, Format Version 12.00
# Visual Studio Version 16
VisualStudioVersion = 16.0.29519.87
MinimumVisualStudioVersion = 10.0.40219.1
Project("{FAE04EC0-301F-11D3-BF4B-00C04F79EFBC}") = "Flex_SGM", "Flex_SGM\Flex_SGM.csproj", "{C3F578F3-683B-44DF-A0F5-6BDD4010AD84}"
EndProject
Global
	GlobalSection(SolutionConfigurationPlatforms) = preSolution
		Debug|Any CPU = Debug|Any CPU
		Release|Any CPU = Release|Any CPU
	EndGlobalSection
	GlobalSection(ProjectConfigurationPlatforms) = postSolution
		{C3F578F3-683B-44DF-A0F5-6BDD4010AD84}.Debug|Any CPU.ActiveCfg = Debug|Any CPU
		{C3F578F3-683B-44DF-A0F5-6BDD4010AD84}.Debug|Any CPU.Build.0 = Debug|Any CPU
		{C3F578F3-683B-44DF-A0F5-6BDD4010AD84}.Release|Any CPU.ActiveCfg = Release|Any CPU
		{C3F578F3-683B-44DF-A0F5-6BDD4010AD84}.Release|Any CPU.Build.0 = Release|Any CPU
	EndGlobalSection
	GlobalSection(SolutionProperties) = preSolution
		HideSolutionNode = FALSE
	EndGlobalSection
	GlobalSection(ExtensibilityGlobals) = postSolution
		SolutionGuid = {700BF135-5C86-4859-9B39-46A2095F7549}
	EndGlobalSection
EndGlobal
